
Microsoft Visual Studio Solution File, Format Version 12.00
# Visual Studio Version 17
VisualStudioVersion = 17.14.37203.1 d17.14
MinimumVisualStudioVersion = 10.0.40219.1
Project("{FAE04EC0-301F-11D3-BF4B-00C04F79EFBC}") = "pttkht", "pttkht\pttkht.csproj", "{BE6FAE67-97A6-4426-80EF-BCBFDA37B928}"
EndProject
Global
	GlobalSection(SolutionConfigurationPlatforms) = preSolution
		Debug|Any CPU = Debug|Any CPU
		Release|Any CPU = Release|Any CPU
	EndGlobalSection
	GlobalSection(ProjectConfigurationPlatforms) = postSolution
		{BE6FAE67-97A6-4426-80EF-BCBFDA37B928}.Debug|Any CPU.ActiveCfg = Debug|Any CPU
		{BE6FAE67-97A6-4426-80EF-BCBFDA37B928}.Debug|Any CPU.Build.0 = Debug|Any CPU
		{BE6FAE67-97A6-4426-80EF-BCBFDA37B928}.Release|Any CPU.ActiveCfg = Release|Any CPU
		{BE6FAE67-97A6-4426-80EF-BCBFDA37B928}.Release|Any CPU.Build.0 = Release|Any CPU
	EndGlobalSection
	GlobalSection(SolutionProperties) = preSolution
		HideSolutionNode = FALSE
	EndGlobalSection
	GlobalSection(ExtensibilityGlobals) = postSolution
		SolutionGuid = {A5A6D738-4031-4F40-A74F-61F79B4A9D10}
	EndGlobalSection
EndGlobal
